
Microsoft Visual Studio Solution File, Format Version 12.00
# Visual Studio Version 17
VisualStudioVersion = 17.4.33205.214
MinimumVisualStudioVersion = 10.0.40219.1
Project("{2150E333-8FDC-42A3-9474-1A3956D46DE8}") = "src", "src", "{901280B1-53AC-4C94-8FC0-965C7B121830}"
	ProjectSection(SolutionItems) = preProject
		readme.md = readme.md
	EndProjectSection
EndProject
Project("{2150E333-8FDC-42A3-9474-1A3956D46DE8}") = "Solution Items", "Solution Items", "{A3258D02-C080-4BEC-8FAF-FD625D716164}"
	ProjectSection(SolutionItems) = preProject
		global.json = global.json
		readme.md = readme.md
	EndProjectSection
EndProject
Project("{D954291E-2A0B-460D-934E-DC6B0785DB48}") = "idunno.KeyRing", "src\idunno.KeyRing\idunno.KeyRing.shproj", "{63EC566F-10FE-431A-8FDD-7FC50BD0CA2A}"
EndProject
Project("{FAE04EC0-301F-11D3-BF4B-00C04F79EFBC}") = "idunno.CookieSharing.FullFramework", "src\idunno.CookieSharing.FullFramework\idunno.CookieSharing.FullFramework.csproj", "{0A4E611C-4885-40FF-B49B-49A228C35A33}"
EndProject
Project("{FAE04EC0-301F-11D3-BF4B-00C04F79EFBC}") = "idunno.CookieSharing.Core", "src\idunno.CookieSharing.Core\idunno.CookieSharing.Core.csproj", "{DBBB2E53-1821-4A26-BB8F-C526E95C0602}"
EndProject
Global
	GlobalSection(SolutionConfigurationPlatforms) = preSolution
		Debug|Any CPU = Debug|Any CPU
		Release|Any CPU = Release|Any CPU
	EndGlobalSection
	GlobalSection(ProjectConfigurationPlatforms) = postSolution
		{0A4E611C-4885-40FF-B49B-49A228C35A33}.Debug|Any CPU.ActiveCfg = Debug|Any CPU
		{0A4E611C-4885-40FF-B49B-49A228C35A33}.Debug|Any CPU.Build.0 = Debug|Any CPU
		{0A4E611C-4885-40FF-B49B-49A228C35A33}.Release|Any CPU.ActiveCfg = Release|Any CPU
		{0A4E611C-4885-40FF-B49B-49A228C35A33}.Release|Any CPU.Build.0 = Release|Any CPU
		{DBBB2E53-1821-4A26-BB8F-C526E95C0602}.Debug|Any CPU.ActiveCfg = Debug|Any CPU
		{DBBB2E53-1821-4A26-BB8F-C526E95C0602}.Debug|Any CPU.Build.0 = Debug|Any CPU
		{DBBB2E53-1821-4A26-BB8F-C526E95C0602}.Release|Any CPU.ActiveCfg = Release|Any CPU
		{DBBB2E53-1821-4A26-BB8F-C526E95C0602}.Release|Any CPU.Build.0 = Release|Any CPU
	EndGlobalSection
	GlobalSection(SolutionProperties) = preSolution
		HideSolutionNode = FALSE
	EndGlobalSection
	GlobalSection(NestedProjects) = preSolution
		{63EC566F-10FE-431A-8FDD-7FC50BD0CA2A} = {901280B1-53AC-4C94-8FC0-965C7B121830}
		{0A4E611C-4885-40FF-B49B-49A228C35A33} = {901280B1-53AC-4C94-8FC0-965C7B121830}
		{DBBB2E53-1821-4A26-BB8F-C526E95C0602} = {901280B1-53AC-4C94-8FC0-965C7B121830}
	EndGlobalSection
	GlobalSection(ExtensibilityGlobals) = postSolution
		SolutionGuid = {8A5C8313-850F-47C1-A9D5-C08164260504}
	EndGlobalSection
	GlobalSection(SharedMSBuildProjectFiles) = preSolution
		src\idunno.KeyRing\idunno.KeyRing.projitems*{63ec566f-10fe-431a-8fdd-7fc50bd0ca2a}*SharedItemsImports = 13
	EndGlobalSection
EndGlobal
